
Microsoft Visual Studio Solution File, Format Version 12.00
# Visual Studio 2012
Project("{FAE04EC0-301F-11D3-BF4B-00C04F79EFBC}") = "TipCalculator-iOS", "TipCalculator-iOS\TipCalculator-iOS.csproj", "{8297379F-37D8-4ED6-8CB5-3C5021E855B0}"
EndProject
Global
	GlobalSection(SolutionConfigurationPlatforms) = preSolution
		Debug|iPhoneSimulator = Debug|iPhoneSimulator
		Release|iPhone = Release|iPhone
		Release|iPhoneSimulator = Release|iPhoneSimulator
		Debug|iPhone = Debug|iPhone
	EndGlobalSection
	GlobalSection(ProjectConfigurationPlatforms) = postSolution
		{8297379F-37D8-4ED6-8CB5-3C5021E855B0}.Debug|iPhoneSimulator.ActiveCfg = Debug|iPhoneSimulator
		{8297379F-37D8-4ED6-8CB5-3C5021E855B0}.Debug|iPhoneSimulator.Build.0 = Debug|iPhoneSimulator
		{8297379F-37D8-4ED6-8CB5-3C5021E855B0}.Release|iPhone.ActiveCfg = Release|iPhone
		{8297379F-37D8-4ED6-8CB5-3C5021E855B0}.Release|iPhone.Build.0 = Release|iPhone
		{8297379F-37D8-4ED6-8CB5-3C5021E855B0}.Release|iPhoneSimulator.ActiveCfg = Release|iPhoneSimulator
		{8297379F-37D8-4ED6-8CB5-3C5021E855B0}.Release|iPhoneSimulator.Build.0 = Release|iPhoneSimulator
		{8297379F-37D8-4ED6-8CB5-3C5021E855B0}.Debug|iPhone.ActiveCfg = Debug|iPhone
		{8297379F-37D8-4ED6-8CB5-3C5021E855B0}.Debug|iPhone.Build.0 = Debug|iPhone
	EndGlobalSection
EndGlobal
